{
  "nodes": {
    "nixpkgs": {
      "locked": {
        "lastModified": 1754689972,
        "narHash": "sha256-eogqv6FqZXHgqrbZzHnq43GalnRbLTkbBbFtEfm1RSc=",
        "owner": "nixos",
        "repo": "nixpkgs",
        "rev": "fc756aa6f5d3e2e5666efcf865d190701fef150a",
        "type": "github"
      },
      "original": {
        "owner": "nixos",
        "ref": "nixos-25.05",
        "repo": "nixpkgs",
        "type": "github"
      }
    },
    "nixpkgs-virglrenderer": {
      "locked": {
        "lastModified": 1695837737,
        "narHash": "sha256-KcqmJ5hNacLuE7fkz5586kp/vt4NLo6+Prq3DMgrxpQ=",
        "owner": "nixos",
        "repo": "nixpkgs",
        "rev": "517501bcf14ae6ec47efd6a17dda0ca8e6d866f9",
        "type": "github"
      },
      "original": {
        "owner": "nixos",
        "repo": "nixpkgs",
        "rev": "517501bcf14ae6ec47efd6a17dda0ca8e6d866f9",
        "type": "github"
      }
    },
    "root": {
      "inputs": {
        "nixpkgs": "nixpkgs",
        "nixpkgs-virglrenderer": "nixpkgs-virglrenderer"
      }
    }
  },
  "root": "root",
  "version": 7
}
